
Microsoft Visual Studio Solution File, Format Version 12.00
# Visual Studio Version 16
VisualStudioVersion = 16.0.29911.84
MinimumVisualStudioVersion = 10.0.40219.1
Project("{FAE04EC0-301F-11D3-BF4B-00C04F79EFBC}") = "ConsultaCEPs", "ConsultaCEPs\ConsultaCEPs.csproj", "{746D2066-1C2E-43DE-9F8A-A96DECDD9827}"
EndProject
Global
	GlobalSection(SolutionConfigurationPlatforms) = preSolution
		Debug|Any CPU = Debug|Any CPU
		Release|Any CPU = Release|Any CPU
	EndGlobalSection
	GlobalSection(ProjectConfigurationPlatforms) = postSolution
		{746D2066-1C2E-43DE-9F8A-A96DECDD9827}.Debug|Any CPU.ActiveCfg = Debug|Any CPU
		{746D2066-1C2E-43DE-9F8A-A96DECDD9827}.Debug|Any CPU.Build.0 = Debug|Any CPU
		{746D2066-1C2E-43DE-9F8A-A96DECDD9827}.Release|Any CPU.ActiveCfg = Release|Any CPU
		{746D2066-1C2E-43DE-9F8A-A96DECDD9827}.Release|Any CPU.Build.0 = Release|Any CPU
	EndGlobalSection
	GlobalSection(SolutionProperties) = preSolution
		HideSolutionNode = FALSE
	EndGlobalSection
	GlobalSection(ExtensibilityGlobals) = postSolution
		SolutionGuid = {F0A3540A-ADCC-43AE-9C70-C5D4CEB2DB86}
	EndGlobalSection
EndGlobal
